<?xml version="1.0" encoding="UTF-8" standalone="yes" ?>
<CodeBlocks_project_file>
	<FileVersion major="1" minor="6" />
	<Project>
		<Option title="lab1" />
		<Option pch_mode="2" />
		<Option compiler="gcc" />
		<Build>
			<Target title="Debug">
				<Option output="bin/Debug/lab1" prefix_auto="1" extension_auto="1" />
				<Option object_output="obj/Debug/" />
				<Option type="1" />
				<Option compiler="gcc" />
				<Compiler>
					<Add option="-g" />
				</Compiler>
			</Target>
			<Target title="Release">
				<Option output="bin/Release/lab1" prefix_auto="1" extension_auto="1" />
				<Option object_output="obj/Release/" />
				<Option type="1" />
				<Option compiler="gcc" />
				<Compiler>
					<Add option="-O2" />
				</Compiler>
				<Linker>
					<Add option="-s" />
				</Linker>
			</Target>
		</Build>
		<Compiler>
			<Add option="-Wall" />
		</Compiler>
		<Unit filename="LICENSE" />
		<Unit filename="Makefile" />
		<Unit filename="README.md" />
		<Unit filename="client.cc" />
		<Unit filename="client.d" />
		<Unit filename="client.h" />
		<Unit filename="client.o" />
		<Unit filename="echo-client" />
		<Unit filename="echo-client-simple" />
		<Unit filename="echo-client-simple.cc" />
		<Unit filename="echo-client-simple.d" />
		<Unit filename="echo-client-simple.o" />
		<Unit filename="echo-client.cc" />
		<Unit filename="echo-client.d" />
		<Unit filename="echo-client.o" />
		<Unit filename="echo-server" />
		<Unit filename="echo-server-simple" />
		<Unit filename="echo-server-simple.cc" />
		<Unit filename="echo-server-simple.d" />
		<Unit filename="echo-server-simple.o" />
		<Unit filename="echo-server-slow" />
		<Unit filename="echo-server-slow.cc" />
		<Unit filename="echo-server-slow.d" />
		<Unit filename="echo-server-slow.o" />
		<Unit filename="echo-server.cc" />
		<Unit filename="echo-server.d" />
		<Unit filename="echo-server.o" />
		<Unit filename="inet-client.cc" />
		<Unit filename="inet-client.d" />
		<Unit filename="inet-client.h" />
		<Unit filename="inet-client.o" />
		<Unit filename="inet-server.cc" />
		<Unit filename="inet-server.d" />
		<Unit filename="inet-server.h" />
		<Unit filename="inet-server.o" />
		<Unit filename="lab1.cbp" />
		<Unit filename="message.cc" />
		<Unit filename="message.h" />
		<Unit filename="server.cc" />
		<Unit filename="server.d" />
		<Unit filename="server.h" />
		<Unit filename="server.o" />
		<Unit filename="unix-client.cc" />
		<Unit filename="unix-client.d" />
		<Unit filename="unix-client.h" />
		<Unit filename="unix-client.o" />
		<Unit filename="unix-echo-client" />
		<Unit filename="unix-echo-client.cc" />
		<Unit filename="unix-echo-client.d" />
		<Unit filename="unix-echo-client.o" />
		<Unit filename="unix-echo-server" />
		<Unit filename="unix-echo-server.cc" />
		<Unit filename="unix-echo-server.d" />
		<Unit filename="unix-echo-server.o" />
		<Unit filename="unix-server.cc" />
		<Unit filename="unix-server.d" />
		<Unit filename="unix-server.h" />
		<Unit filename="unix-server.o" />
		<Extensions>
			<code_completion />
			<debugger />
		</Extensions>
	</Project>
</CodeBlocks_project_file>
